{
  "name": "@quid2/adt",
  "version": "0.0.1",
  "lockfileVersion": 1,
  "requires": true,
  "dependencies": {
    "@quid2/prim": {
      "version": "git+https://github.com/Quid2/ts-core.git#ef3a56aae6b62403a7da563380298047b561556b",
      "from": "git+https://github.com/Quid2/ts-core.git"
    }
  }
}
